{
  "name": "friendly-helper",
  "version": "1.6.1",
  "lockfileVersion": 2,
  "requires": true,
  "packages": {
    "": {
      "name": "friendly-helper",
      "version": "1.6.1",
      "license": "MPL-2.0",
      "dependencies": {
        "@types/aes-js": "^3.1.1",
        "aes-js": "^3.1.2"
      }
    },
    "node_modules/@types/aes-js": {
      "version": "3.1.1",
      "resolved": "https://registry.npmjs.org/@types/aes-js/-/aes-js-3.1.1.tgz",
      "integrity": "sha512-SDSGgXT3LRCH6qMWk8OHT1vLSVNuHNvCpKCx2/TYtQMbMGGgxJC9fspwSkQjqzRagrWnCrxuLL3jMNXLXHHvSw=="
    },
    "node_modules/aes-js": {
      "version": "3.1.2",
      "resolved": "https://registry.npmjs.org/aes-js/-/aes-js-3.1.2.tgz",
      "integrity": "sha512-e5pEa2kBnBOgR4Y/p20pskXI74UEz7de8ZGVo58asOtvSVG5YAbJeELPZxOmt+Bnz3rX753YKhfIn4X4l1PPRQ=="
    }
  },
  "dependencies": {
    "@types/aes-js": {
      "version": "3.1.1",
      "resolved": "https://registry.npmjs.org/@types/aes-js/-/aes-js-3.1.1.tgz",
      "integrity": "sha512-SDSGgXT3LRCH6qMWk8OHT1vLSVNuHNvCpKCx2/TYtQMbMGGgxJC9fspwSkQjqzRagrWnCrxuLL3jMNXLXHHvSw=="
    },
    "aes-js": {
      "version": "3.1.2",
      "resolved": "https://registry.npmjs.org/aes-js/-/aes-js-3.1.2.tgz",
      "integrity": "sha512-e5pEa2kBnBOgR4Y/p20pskXI74UEz7de8ZGVo58asOtvSVG5YAbJeELPZxOmt+Bnz3rX753YKhfIn4X4l1PPRQ=="
    }
  }
}
